
Microsoft Visual Studio Solution File, Format Version 12.00
# Visual Studio 15
VisualStudioVersion = 15.0.27428.2002
MinimumVisualStudioVersion = 10.0.40219.1
Project("{8BC9CEB8-8B4A-11D0-8D11-00A0C91BC942}") = "Project1", "Project1\Project1.vcxproj", "{BA9C9890-23A9-4038-BBB1-D47F70563087}"
EndProject
Global
	GlobalSection(SolutionConfigurationPlatforms) = preSolution
		Debug|x64 = Debug|x64
		Debug|x86 = Debug|x86
		Release|x64 = Release|x64
		Release|x86 = Release|x86
	EndGlobalSection
	GlobalSection(ProjectConfigurationPlatforms) = postSolution
		{BA9C9890-23A9-4038-BBB1-D47F70563087}.Debug|x64.ActiveCfg = Debug|x64
		{BA9C9890-23A9-4038-BBB1-D47F70563087}.Debug|x64.Build.0 = Debug|x64
		{BA9C9890-23A9-4038-BBB1-D47F70563087}.Debug|x86.ActiveCfg = Debug|Win32
		{BA9C9890-23A9-4038-BBB1-D47F70563087}.Debug|x86.Build.0 = Debug|Win32
		{BA9C9890-23A9-4038-BBB1-D47F70563087}.Release|x64.ActiveCfg = Release|x64
		{BA9C9890-23A9-4038-BBB1-D47F70563087}.Release|x64.Build.0 = Release|x64
		{BA9C9890-23A9-4038-BBB1-D47F70563087}.Release|x86.ActiveCfg = Release|Win32
		{BA9C9890-23A9-4038-BBB1-D47F70563087}.Release|x86.Build.0 = Release|Win32
	EndGlobalSection
	GlobalSection(SolutionProperties) = preSolution
		HideSolutionNode = FALSE
	EndGlobalSection
	GlobalSection(ExtensibilityGlobals) = postSolution
		SolutionGuid = {C93B979F-9FEE-4CB6-8219-D4FAF91610A9}
	EndGlobalSection
EndGlobal
